# THIS IS AN AUTOGENERATED FILE. DO NOT EDIT THIS FILE DIRECTLY.
# yarn lockfile v1


"@types/node@^17.0.18":
  version "17.0.18"
  resolved "https://registry.yarnpkg.com/@types/node/-/node-17.0.18.tgz#3b4fed5cfb58010e3a2be4b6e74615e4847f1074"
  integrity sha512-eKj4f/BsN/qcculZiRSujogjvp5O/k4lOW5m35NopjZM/QwLOR075a8pJW5hD+Rtdm2DaCVPENS6KtSQnUD6BA==

commander@^9.0.0:
  version "9.0.0"
  resolved "https://registry.yarnpkg.com/commander/-/commander-9.0.0.tgz#86d58f24ee98126568936bd1d3574e0308a99a40"
  integrity sha512-JJfP2saEKbQqvW+FI93OYUB4ByV5cizMpFMiiJI8xDbBvQvSkIk0VvQdn1CZ8mqAO8Loq2h0gYTYtDFUZUeERw==

dotenv@^16.0.0:
  version "16.0.0"
  resolved "https://registry.yarnpkg.com/dotenv/-/dotenv-16.0.0.tgz#c619001253be89ebb638d027b609c75c26e47411"
  integrity sha512-qD9WU0MPM4SWLPJy/r2Be+2WgQj8plChsyrCNQzW/0WjvcJQiKQJ9mH3ZgB3fxbUUxgc/11ZJ0Fi5KiimWGz2Q==

postgres@^3.2.4:
  version "3.2.4"
  resolved "https://registry.yarnpkg.com/postgres/-/postgres-3.2.4.tgz#3b0a0d69b572bb1736662f68e3bbad4d69fb553c"
  integrity sha512-iscysD+ZlM4A9zj0RS2zo3f4Us4yuov94Yx+p3dE1rEARaBHC8R3/gRq40KEnWp1lxjuFq9EjuAenIUsPaTaDA==

typescript@^4.7.4:
  version "4.7.4"
  resolved "https://registry.yarnpkg.com/typescript/-/typescript-4.7.4.tgz#1a88596d1cf47d59507a1bcdfb5b9dfe4d488235"
  integrity sha512-C0WQT0gezHuw6AdY1M2jxUO83Rjf0HP7Sk1DtXj6j1EwkQNZrHAg2XPWlq62oqEhYvONq5pkC2Y9oPljWToLmQ==
